
Microsoft Visual Studio Solution File, Format Version 12.00
# Visual Studio Version 17
VisualStudioVersion = 17.9.34616.47
MinimumVisualStudioVersion = 10.0.40219.1
Project("{FAE04EC0-301F-11D3-BF4B-00C04F79EFBC}") = "baitap_napchong toantu", "baitap_napchong toantu\baitap_napchong toantu.csproj", "{CE5D1BA1-A12E-4658-9C6C-9F99BB4A9477}"
EndProject
Global
	GlobalSection(SolutionConfigurationPlatforms) = preSolution
		Debug|Any CPU = Debug|Any CPU
		Release|Any CPU = Release|Any CPU
	EndGlobalSection
	GlobalSection(ProjectConfigurationPlatforms) = postSolution
		{CE5D1BA1-A12E-4658-9C6C-9F99BB4A9477}.Debug|Any CPU.ActiveCfg = Debug|Any CPU
		{CE5D1BA1-A12E-4658-9C6C-9F99BB4A9477}.Debug|Any CPU.Build.0 = Debug|Any CPU
		{CE5D1BA1-A12E-4658-9C6C-9F99BB4A9477}.Release|Any CPU.ActiveCfg = Release|Any CPU
		{CE5D1BA1-A12E-4658-9C6C-9F99BB4A9477}.Release|Any CPU.Build.0 = Release|Any CPU
	EndGlobalSection
	GlobalSection(SolutionProperties) = preSolution
		HideSolutionNode = FALSE
	EndGlobalSection
	GlobalSection(ExtensibilityGlobals) = postSolution
		SolutionGuid = {D5A5B67E-3789-46FD-89C9-A0E6181F8A62}
	EndGlobalSection
EndGlobal
