
Microsoft Visual Studio Solution File, Format Version 12.00
# Visual Studio Version 17
VisualStudioVersion = 17.9.34616.47
MinimumVisualStudioVersion = 10.0.40219.1
Project("{FAE04EC0-301F-11D3-BF4B-00C04F79EFBC}") = "duan1", "duan1\duan1.csproj", "{6B33F3D3-4600-418F-95F8-9920FD7D0EE1}"
EndProject
Global
	GlobalSection(SolutionConfigurationPlatforms) = preSolution
		Debug|Any CPU = Debug|Any CPU
		Release|Any CPU = Release|Any CPU
	EndGlobalSection
	GlobalSection(ProjectConfigurationPlatforms) = postSolution
		{6B33F3D3-4600-418F-95F8-9920FD7D0EE1}.Debug|Any CPU.ActiveCfg = Debug|Any CPU
		{6B33F3D3-4600-418F-95F8-9920FD7D0EE1}.Debug|Any CPU.Build.0 = Debug|Any CPU
		{6B33F3D3-4600-418F-95F8-9920FD7D0EE1}.Release|Any CPU.ActiveCfg = Release|Any CPU
		{6B33F3D3-4600-418F-95F8-9920FD7D0EE1}.Release|Any CPU.Build.0 = Release|Any CPU
	EndGlobalSection
	GlobalSection(SolutionProperties) = preSolution
		HideSolutionNode = FALSE
	EndGlobalSection
	GlobalSection(ExtensibilityGlobals) = postSolution
		SolutionGuid = {B4410A37-FE99-4AF8-AA65-4B13AC1D3A97}
	EndGlobalSection
EndGlobal
